
Microsoft Visual Studio Solution File, Format Version 12.00
# Visual Studio Version 16
VisualStudioVersion = 16.0.31624.102
MinimumVisualStudioVersion = 10.0.40219.1
Project("{FAE04EC0-301F-11D3-BF4B-00C04F79EFBC}") = "TP1_exo1", "TP1_exo1\TP1_exo1.csproj", "{44F90DEF-B507-4AAF-9DCB-381B7204B2EE}"
EndProject
Global
	GlobalSection(SolutionConfigurationPlatforms) = preSolution
		Debug|Any CPU = Debug|Any CPU
		Release|Any CPU = Release|Any CPU
	EndGlobalSection
	GlobalSection(ProjectConfigurationPlatforms) = postSolution
		{44F90DEF-B507-4AAF-9DCB-381B7204B2EE}.Debug|Any CPU.ActiveCfg = Debug|Any CPU
		{44F90DEF-B507-4AAF-9DCB-381B7204B2EE}.Debug|Any CPU.Build.0 = Debug|Any CPU
		{44F90DEF-B507-4AAF-9DCB-381B7204B2EE}.Release|Any CPU.ActiveCfg = Release|Any CPU
		{44F90DEF-B507-4AAF-9DCB-381B7204B2EE}.Release|Any CPU.Build.0 = Release|Any CPU
	EndGlobalSection
	GlobalSection(SolutionProperties) = preSolution
		HideSolutionNode = FALSE
	EndGlobalSection
	GlobalSection(ExtensibilityGlobals) = postSolution
		SolutionGuid = {4B1E0003-9032-45C9-945E-BA7E3E525B75}
	EndGlobalSection
EndGlobal
